# This file is autogenerated, do not edit; changes may be undone by the next 'dep ensure'.


[[projects]]
  branch = "master"
  name = "github.com/cashcowpro/golog"
  packages = ["."]
  revision = "2885f5ec79f2d8765e48cf940dd52f24215963bf"

[solve-meta]
  analyzer-name = "dep"
  analyzer-version = 1
  inputs-digest = "6a1212600ec6d6d1dde0317c1fad594f5652811f24e2f32dc03908c46a938f96"
  solver-name = "gps-cdcl"
  solver-version = 1
